{
  "name": "IMS",
  "version": "1.0.0",
  "lockfileVersion": 1,
  "requires": true,
  "dependencies": {
    "@codegenie/serverless-express": {
      "version": "4.17.1",
      "resolved": "https://registry.npmjs.org/@codegenie/serverless-express/-/serverless-express-4.17.1.tgz",
      "integrity": "sha512-B/4RRtVK2iAp5ho+qoUFxUeMaWCgSP+hNrdLJV3DWKZ1E9n9oLKdsJ6W9LQekZsD8rGD15hDadIKWKKw5i3f3A=="
    },
    "@types/aws-lambda": {
      "version": "8.10.162",
      "resolved": "https://registry.npmjs.org/@types/aws-lambda/-/aws-lambda-8.10.162.tgz",
      "integrity": "sha512-Fn658grtLOci1oxi1391vvDWJRKNGWRSqfxRkmN/Iy3c0tQH1USMKEXcPYHLvope+ZgTFocx9FRQJx1muBL6qw==",
      "dev": true
    },
    "@vendia/serverless-express": {
      "version": "4.12.6",
      "resolved": "https://registry.npmjs.org/@vendia/serverless-express/-/serverless-express-4.12.6.tgz",
      "integrity": "sha512-ePsIPk3VQwgm5nh/JGBtTKQs5ZOF7REjHxC+PKk/CHvhlKQkJuUU365uPOlxuLJhC+BAefDznDRReWxpnKjmYg==",
      "requires": {
        "@codegenie/serverless-express": "^4.12.5"
      }
    }
  }
}
